
Microsoft Visual Studio Solution File, Format Version 12.00
# Visual Studio Version 17
VisualStudioVersion = 17.5.2.0
MinimumVisualStudioVersion = 10.0.40219.1
Project("{FAE04EC0-301F-11D3-BF4B-00C04F79EFBC}") = "Kod İzleme", "Kod İzleme.csproj", "{8C5CD2A9-3B3D-5DDE-5CE8-0FBF754DB8D8}"
EndProject
Global
	GlobalSection(SolutionConfigurationPlatforms) = preSolution
		Debug|Any CPU = Debug|Any CPU
		Release|Any CPU = Release|Any CPU
	EndGlobalSection
	GlobalSection(ProjectConfigurationPlatforms) = postSolution
		{8C5CD2A9-3B3D-5DDE-5CE8-0FBF754DB8D8}.Debug|Any CPU.ActiveCfg = Debug|Any CPU
		{8C5CD2A9-3B3D-5DDE-5CE8-0FBF754DB8D8}.Debug|Any CPU.Build.0 = Debug|Any CPU
		{8C5CD2A9-3B3D-5DDE-5CE8-0FBF754DB8D8}.Release|Any CPU.ActiveCfg = Release|Any CPU
		{8C5CD2A9-3B3D-5DDE-5CE8-0FBF754DB8D8}.Release|Any CPU.Build.0 = Release|Any CPU
	EndGlobalSection
	GlobalSection(SolutionProperties) = preSolution
		HideSolutionNode = FALSE
	EndGlobalSection
	GlobalSection(ExtensibilityGlobals) = postSolution
		SolutionGuid = {7CD916B8-268C-40DF-9F68-BD66F9261CB1}
	EndGlobalSection
EndGlobal
