
Microsoft Visual Studio Solution File, Format Version 12.00
# Visual Studio Version 17
VisualStudioVersion = 17.5.2.0
MinimumVisualStudioVersion = 10.0.40219.1
Project("{FAE04EC0-301F-11D3-BF4B-00C04F79EFBC}") = "Operatörler", "Operatörler.csproj", "{F316F195-FF52-9367-D063-F0C4E9C45CF7}"
EndProject
Global
	GlobalSection(SolutionConfigurationPlatforms) = preSolution
		Debug|Any CPU = Debug|Any CPU
		Release|Any CPU = Release|Any CPU
	EndGlobalSection
	GlobalSection(ProjectConfigurationPlatforms) = postSolution
		{F316F195-FF52-9367-D063-F0C4E9C45CF7}.Debug|Any CPU.ActiveCfg = Debug|Any CPU
		{F316F195-FF52-9367-D063-F0C4E9C45CF7}.Debug|Any CPU.Build.0 = Debug|Any CPU
		{F316F195-FF52-9367-D063-F0C4E9C45CF7}.Release|Any CPU.ActiveCfg = Release|Any CPU
		{F316F195-FF52-9367-D063-F0C4E9C45CF7}.Release|Any CPU.Build.0 = Release|Any CPU
	EndGlobalSection
	GlobalSection(SolutionProperties) = preSolution
		HideSolutionNode = FALSE
	EndGlobalSection
	GlobalSection(ExtensibilityGlobals) = postSolution
		SolutionGuid = {CC9A3990-35EE-43C7-A637-286604E1364A}
	EndGlobalSection
EndGlobal
